
Microsoft Visual Studio Solution File, Format Version 12.00
# Visual Studio 15
VisualStudioVersion = 15.0.28307.902
MinimumVisualStudioVersion = 10.0.40219.1
Project("{FAE04EC0-301F-11D3-BF4B-00C04F79EFBC}") = "EnglishCurrencyConverter", "EnglishCurrencyConverter\EnglishCurrencyConverter.csproj", "{BA01C289-994D-457E-8428-D3C9FE02C816}"
EndProject
Project("{FAE04EC0-301F-11D3-BF4B-00C04F79EFBC}") = "EnglishCurrencyConverter.Tests", "EnglishCurrencyConverter.Tests\EnglishCurrencyConverter.Tests.csproj", "{EA6BE76F-D15D-4A2C-B351-42AA2600F562}"
EndProject
Project("{FAE04EC0-301F-11D3-BF4B-00C04F79EFBC}") = "UnleashedConsole", "UnleashedConsole\UnleashedConsole.csproj", "{D39DC353-4D34-4B51-B621-0878E75669FD}"
EndProject
Global
	GlobalSection(SolutionConfigurationPlatforms) = preSolution
		Debug|Any CPU = Debug|Any CPU
		Release|Any CPU = Release|Any CPU
	EndGlobalSection
	GlobalSection(ProjectConfigurationPlatforms) = postSolution
		{BA01C289-994D-457E-8428-D3C9FE02C816}.Debug|Any CPU.ActiveCfg = Debug|Any CPU
		{BA01C289-994D-457E-8428-D3C9FE02C816}.Debug|Any CPU.Build.0 = Debug|Any CPU
		{BA01C289-994D-457E-8428-D3C9FE02C816}.Release|Any CPU.ActiveCfg = Release|Any CPU
		{BA01C289-994D-457E-8428-D3C9FE02C816}.Release|Any CPU.Build.0 = Release|Any CPU
		{EA6BE76F-D15D-4A2C-B351-42AA2600F562}.Debug|Any CPU.ActiveCfg = Debug|Any CPU
		{EA6BE76F-D15D-4A2C-B351-42AA2600F562}.Debug|Any CPU.Build.0 = Debug|Any CPU
		{EA6BE76F-D15D-4A2C-B351-42AA2600F562}.Release|Any CPU.ActiveCfg = Release|Any CPU
		{EA6BE76F-D15D-4A2C-B351-42AA2600F562}.Release|Any CPU.Build.0 = Release|Any CPU
		{D39DC353-4D34-4B51-B621-0878E75669FD}.Debug|Any CPU.ActiveCfg = Debug|Any CPU
		{D39DC353-4D34-4B51-B621-0878E75669FD}.Debug|Any CPU.Build.0 = Debug|Any CPU
		{D39DC353-4D34-4B51-B621-0878E75669FD}.Release|Any CPU.ActiveCfg = Release|Any CPU
		{D39DC353-4D34-4B51-B621-0878E75669FD}.Release|Any CPU.Build.0 = Release|Any CPU
	EndGlobalSection
	GlobalSection(SolutionProperties) = preSolution
		HideSolutionNode = FALSE
	EndGlobalSection
	GlobalSection(ExtensibilityGlobals) = postSolution
		SolutionGuid = {B02A213B-FCBA-46FE-BCDF-DA3D15B79A2C}
	EndGlobalSection
EndGlobal
